
Microsoft Visual Studio Solution File, Format Version 12.00
# Visual Studio Version 17
VisualStudioVersion = 17.0.32112.339
MinimumVisualStudioVersion = 10.0.40219.1
Project("{9A19103F-16F7-4668-BE54-9A1E7A4F7556}") = "API", "API\API.csproj", "{9F495006-3D85-46FA-AD0E-D3568590A266}"
EndProject
Project("{FAE04EC0-301F-11D3-BF4B-00C04F79EFBC}") = "Core", "Core\Core.csproj", "{8E67612D-A7AB-400C-AEC3-89A9A0AF1FF0}"
EndProject
Project("{FAE04EC0-301F-11D3-BF4B-00C04F79EFBC}") = "Infrastructure", "Infrastructure\Infrastructure.csproj", "{8328B246-B235-451C-855D-F9B261F24CFE}"
EndProject
Global
	GlobalSection(SolutionConfigurationPlatforms) = preSolution
		Debug|Any CPU = Debug|Any CPU
		Release|Any CPU = Release|Any CPU
	EndGlobalSection
	GlobalSection(ProjectConfigurationPlatforms) = postSolution
		{9F495006-3D85-46FA-AD0E-D3568590A266}.Debug|Any CPU.ActiveCfg = Debug|Any CPU
		{9F495006-3D85-46FA-AD0E-D3568590A266}.Debug|Any CPU.Build.0 = Debug|Any CPU
		{9F495006-3D85-46FA-AD0E-D3568590A266}.Release|Any CPU.ActiveCfg = Release|Any CPU
		{9F495006-3D85-46FA-AD0E-D3568590A266}.Release|Any CPU.Build.0 = Release|Any CPU
		{8E67612D-A7AB-400C-AEC3-89A9A0AF1FF0}.Debug|Any CPU.ActiveCfg = Debug|Any CPU
		{8E67612D-A7AB-400C-AEC3-89A9A0AF1FF0}.Debug|Any CPU.Build.0 = Debug|Any CPU
		{8E67612D-A7AB-400C-AEC3-89A9A0AF1FF0}.Release|Any CPU.ActiveCfg = Release|Any CPU
		{8E67612D-A7AB-400C-AEC3-89A9A0AF1FF0}.Release|Any CPU.Build.0 = Release|Any CPU
		{8328B246-B235-451C-855D-F9B261F24CFE}.Debug|Any CPU.ActiveCfg = Debug|Any CPU
		{8328B246-B235-451C-855D-F9B261F24CFE}.Debug|Any CPU.Build.0 = Debug|Any CPU
		{8328B246-B235-451C-855D-F9B261F24CFE}.Release|Any CPU.ActiveCfg = Release|Any CPU
		{8328B246-B235-451C-855D-F9B261F24CFE}.Release|Any CPU.Build.0 = Release|Any CPU
	EndGlobalSection
	GlobalSection(SolutionProperties) = preSolution
		HideSolutionNode = FALSE
	EndGlobalSection
	GlobalSection(ExtensibilityGlobals) = postSolution
		SolutionGuid = {9277C75F-05E7-487E-9AD0-26737F445F89}
	EndGlobalSection
EndGlobal
